
Microsoft Visual Studio Solution File, Format Version 12.00
# Visual Studio Version 17
VisualStudioVersion = 17.3.32901.215
MinimumVisualStudioVersion = 10.0.40219.1
Project("{FAE04EC0-301F-11D3-BF4B-00C04F79EFBC}") = "6het", "6het\6het.csproj", "{BAB73667-1902-498A-88F3-E6E888DCDBAF}"
EndProject
Global
	GlobalSection(SolutionConfigurationPlatforms) = preSolution
		Debug|Any CPU = Debug|Any CPU
		Release|Any CPU = Release|Any CPU
	EndGlobalSection
	GlobalSection(ProjectConfigurationPlatforms) = postSolution
		{BAB73667-1902-498A-88F3-E6E888DCDBAF}.Debug|Any CPU.ActiveCfg = Debug|Any CPU
		{BAB73667-1902-498A-88F3-E6E888DCDBAF}.Debug|Any CPU.Build.0 = Debug|Any CPU
		{BAB73667-1902-498A-88F3-E6E888DCDBAF}.Release|Any CPU.ActiveCfg = Release|Any CPU
		{BAB73667-1902-498A-88F3-E6E888DCDBAF}.Release|Any CPU.Build.0 = Release|Any CPU
	EndGlobalSection
	GlobalSection(SolutionProperties) = preSolution
		HideSolutionNode = FALSE
	EndGlobalSection
	GlobalSection(ExtensibilityGlobals) = postSolution
		SolutionGuid = {D5C26901-3642-4D1A-88E8-7E6F17422835}
	EndGlobalSection
EndGlobal
